
Microsoft Visual Studio Solution File, Format Version 12.00
# Visual Studio Version 16
VisualStudioVersion = 16.0.31702.278
MinimumVisualStudioVersion = 10.0.40219.1
Project("{FAE04EC0-301F-11D3-BF4B-00C04F79EFBC}") = "EF6", "EF6.csproj", "{2A90B508-5592-4948-BB80-8A10DE8C560E}"
EndProject
Global
	GlobalSection(SolutionConfigurationPlatforms) = preSolution
		Debug|Any CPU = Debug|Any CPU
		Release|Any CPU = Release|Any CPU
	EndGlobalSection
	GlobalSection(ProjectConfigurationPlatforms) = postSolution
		{2A90B508-5592-4948-BB80-8A10DE8C560E}.Debug|Any CPU.ActiveCfg = Debug|Any CPU
		{2A90B508-5592-4948-BB80-8A10DE8C560E}.Debug|Any CPU.Build.0 = Debug|Any CPU
		{2A90B508-5592-4948-BB80-8A10DE8C560E}.Release|Any CPU.ActiveCfg = Release|Any CPU
		{2A90B508-5592-4948-BB80-8A10DE8C560E}.Release|Any CPU.Build.0 = Release|Any CPU
	EndGlobalSection
	GlobalSection(SolutionProperties) = preSolution
		HideSolutionNode = FALSE
	EndGlobalSection
	GlobalSection(ExtensibilityGlobals) = postSolution
		SolutionGuid = {D18DA2C4-C127-44F2-A3FB-EBC708CE20DA}
	EndGlobalSection
EndGlobal
